
Microsoft Visual Studio Solution File, Format Version 12.00
# Visual Studio Version 16
VisualStudioVersion = 16.0.30503.244
MinimumVisualStudioVersion = 10.0.40219.1
Project("{FAE04EC0-301F-11D3-BF4B-00C04F79EFBC}") = "DistribuidoraConsole", "DistribuidoraConsole\DistribuidoraConsole.csproj", "{77CFF33A-3DEC-430C-B635-5627E814886C}"
EndProject
Global
	GlobalSection(SolutionConfigurationPlatforms) = preSolution
		Debug|Any CPU = Debug|Any CPU
		Release|Any CPU = Release|Any CPU
	EndGlobalSection
	GlobalSection(ProjectConfigurationPlatforms) = postSolution
		{77CFF33A-3DEC-430C-B635-5627E814886C}.Debug|Any CPU.ActiveCfg = Debug|Any CPU
		{77CFF33A-3DEC-430C-B635-5627E814886C}.Debug|Any CPU.Build.0 = Debug|Any CPU
		{77CFF33A-3DEC-430C-B635-5627E814886C}.Release|Any CPU.ActiveCfg = Release|Any CPU
		{77CFF33A-3DEC-430C-B635-5627E814886C}.Release|Any CPU.Build.0 = Release|Any CPU
	EndGlobalSection
	GlobalSection(SolutionProperties) = preSolution
		HideSolutionNode = FALSE
	EndGlobalSection
	GlobalSection(ExtensibilityGlobals) = postSolution
		SolutionGuid = {194C9527-2F81-4C5A-8A54-285F871E241B}
	EndGlobalSection
EndGlobal
